
Microsoft Visual Studio Solution File, Format Version 12.00
# Visual Studio 2017
Project("{FAE04EC0-301F-11D3-BF4B-00C04F79EFBC}") = "WLA Project", "WLA Project.csproj", "{9C31D7AC-8D12-D7A5-6B28-D6F5871CABAA}"
EndProject
Project("{FAE04EC0-301F-11D3-BF4B-00C04F79EFBC}") = "WLA Project", "WLA Project.csproj", "{9C31D7AC-8D12-D7A5-6B28-D6F5871CABAA}"
EndProject
Project("{FAE04EC0-301F-11D3-BF4B-00C04F79EFBC}") = "WLA Project.Editor", "WLA Project.Editor.csproj", "{0ED72B1A-96C2-200A-A1E7-0DB5A8C104D2}"
EndProject
Project("{FAE04EC0-301F-11D3-BF4B-00C04F79EFBC}") = "WLA Project.Editor", "WLA Project.Editor.csproj", "{0ED72B1A-96C2-200A-A1E7-0DB5A8C104D2}"
EndProject
Project("{FAE04EC0-301F-11D3-BF4B-00C04F79EFBC}") = "WLA Project.Editor", "WLA Project.Editor.csproj", "{0ED72B1A-96C2-200A-A1E7-0DB5A8C104D2}"
EndProject
Project("{FAE04EC0-301F-11D3-BF4B-00C04F79EFBC}") = "WLA Project.Editor", "WLA Project.Editor.csproj", "{0ED72B1A-96C2-200A-A1E7-0DB5A8C104D2}"
EndProject
Global
	GlobalSection(SolutionConfigurationPlatforms) = preSolution
		Debug|Any CPU = Debug|Any CPU
		Release|Any CPU = Release|Any CPU
	EndGlobalSection
	GlobalSection(ProjectConfigurationPlatforms) = postSolution
		{9C31D7AC-8D12-D7A5-6B28-D6F5871CABAA}.Debug|Any CPU.ActiveCfg = Debug|Any CPU
		{9C31D7AC-8D12-D7A5-6B28-D6F5871CABAA}.Debug|Any CPU.Build.0 = Debug|Any CPU
		{9C31D7AC-8D12-D7A5-6B28-D6F5871CABAA}.Release|Any CPU.ActiveCfg = Release|Any CPU
		{9C31D7AC-8D12-D7A5-6B28-D6F5871CABAA}.Release|Any CPU.Build.0 = Release|Any CPU
		{9C31D7AC-8D12-D7A5-6B28-D6F5871CABAA}.Debug|Any CPU.ActiveCfg = Debug|Any CPU
		{9C31D7AC-8D12-D7A5-6B28-D6F5871CABAA}.Debug|Any CPU.Build.0 = Debug|Any CPU
		{9C31D7AC-8D12-D7A5-6B28-D6F5871CABAA}.Release|Any CPU.ActiveCfg = Release|Any CPU
		{9C31D7AC-8D12-D7A5-6B28-D6F5871CABAA}.Release|Any CPU.Build.0 = Release|Any CPU
		{0ED72B1A-96C2-200A-A1E7-0DB5A8C104D2}.Debug|Any CPU.ActiveCfg = Debug|Any CPU
		{0ED72B1A-96C2-200A-A1E7-0DB5A8C104D2}.Debug|Any CPU.Build.0 = Debug|Any CPU
		{0ED72B1A-96C2-200A-A1E7-0DB5A8C104D2}.Release|Any CPU.ActiveCfg = Release|Any CPU
		{0ED72B1A-96C2-200A-A1E7-0DB5A8C104D2}.Release|Any CPU.Build.0 = Release|Any CPU
		{0ED72B1A-96C2-200A-A1E7-0DB5A8C104D2}.Debug|Any CPU.ActiveCfg = Debug|Any CPU
		{0ED72B1A-96C2-200A-A1E7-0DB5A8C104D2}.Debug|Any CPU.Build.0 = Debug|Any CPU
		{0ED72B1A-96C2-200A-A1E7-0DB5A8C104D2}.Release|Any CPU.ActiveCfg = Release|Any CPU
		{0ED72B1A-96C2-200A-A1E7-0DB5A8C104D2}.Release|Any CPU.Build.0 = Release|Any CPU
		{0ED72B1A-96C2-200A-A1E7-0DB5A8C104D2}.Debug|Any CPU.ActiveCfg = Debug|Any CPU
		{0ED72B1A-96C2-200A-A1E7-0DB5A8C104D2}.Debug|Any CPU.Build.0 = Debug|Any CPU
		{0ED72B1A-96C2-200A-A1E7-0DB5A8C104D2}.Release|Any CPU.ActiveCfg = Release|Any CPU
		{0ED72B1A-96C2-200A-A1E7-0DB5A8C104D2}.Release|Any CPU.Build.0 = Release|Any CPU
		{0ED72B1A-96C2-200A-A1E7-0DB5A8C104D2}.Debug|Any CPU.ActiveCfg = Debug|Any CPU
		{0ED72B1A-96C2-200A-A1E7-0DB5A8C104D2}.Debug|Any CPU.Build.0 = Debug|Any CPU
		{0ED72B1A-96C2-200A-A1E7-0DB5A8C104D2}.Release|Any CPU.ActiveCfg = Release|Any CPU
		{0ED72B1A-96C2-200A-A1E7-0DB5A8C104D2}.Release|Any CPU.Build.0 = Release|Any CPU
	EndGlobalSection
	GlobalSection(SolutionProperties) = preSolution
		HideSolutionNode = FALSE
	EndGlobalSection
EndGlobal
